
Microsoft Visual Studio Solution File, Format Version 12.00
# Visual Studio Version 17
VisualStudioVersion = 17.7.34031.279
MinimumVisualStudioVersion = 10.0.40219.1
Project("{FAE04EC0-301F-11D3-BF4B-00C04F79EFBC}") = "skobki", "skobki.csproj", "{786FA9C6-72EE-4957-978A-B365E46D09ED}"
EndProject
Global
	GlobalSection(SolutionConfigurationPlatforms) = preSolution
		Debug|Any CPU = Debug|Any CPU
		Release|Any CPU = Release|Any CPU
	EndGlobalSection
	GlobalSection(ProjectConfigurationPlatforms) = postSolution
		{786FA9C6-72EE-4957-978A-B365E46D09ED}.Debug|Any CPU.ActiveCfg = Debug|Any CPU
		{786FA9C6-72EE-4957-978A-B365E46D09ED}.Debug|Any CPU.Build.0 = Debug|Any CPU
		{786FA9C6-72EE-4957-978A-B365E46D09ED}.Release|Any CPU.ActiveCfg = Release|Any CPU
		{786FA9C6-72EE-4957-978A-B365E46D09ED}.Release|Any CPU.Build.0 = Release|Any CPU
	EndGlobalSection
	GlobalSection(SolutionProperties) = preSolution
		HideSolutionNode = FALSE
	EndGlobalSection
	GlobalSection(ExtensibilityGlobals) = postSolution
		SolutionGuid = {9A434797-BC88-4F64-880E-557869FCF922}
	EndGlobalSection
EndGlobal
